
Microsoft Visual Studio Solution File, Format Version 12.00
# Visual Studio 15
VisualStudioVersion = 15.0.27130.2036
MinimumVisualStudioVersion = 10.0.40219.1
Project("{9A19103F-16F7-4668-BE54-9A1E7A4F7556}") = "IdentitySample.Auth", "IdentitySample.Auth\IdentitySample.Auth.csproj", "{B5007D80-7BB2-49B2-BBF6-EF479755BFFD}"
EndProject
Project("{9A19103F-16F7-4668-BE54-9A1E7A4F7556}") = "IdentitySample.Api", "IdentitySample.Api\IdentitySample.Api.csproj", "{A7DC1CC5-6EA2-4706-A050-77DB1CCE5DE7}"
EndProject
Project("{9A19103F-16F7-4668-BE54-9A1E7A4F7556}") = "IdentitySample.Web", "IdentitySample.Web\IdentitySample.Web.csproj", "{BA06C2FB-A795-497D-ADEC-F2BD0E1FE27B}"
EndProject
Project("{2150E333-8FDC-42A3-9474-1A3956D46DE8}") = "1 - Presentation", "1 - Presentation", "{8E329C4D-29A7-432C-8B25-E806293871C1}"
EndProject
Project("{2150E333-8FDC-42A3-9474-1A3956D46DE8}") = "2 - Application", "2 - Application", "{16368F1E-444D-4100-8885-A07211C3AACC}"
EndProject
Project("{2150E333-8FDC-42A3-9474-1A3956D46DE8}") = "3 - Domain", "3 - Domain", "{DA0E9664-D633-409C-844F-F01D504E15B0}"
EndProject
Project("{2150E333-8FDC-42A3-9474-1A3956D46DE8}") = "4 - Infra", "4 - Infra", "{522A92EA-6098-4469-A198-ABD6947293D2}"
EndProject
Project("{9A19103F-16F7-4668-BE54-9A1E7A4F7556}") = "IdentitySample.Infra.Identity", "IdentitySample.Infra.Identity\IdentitySample.Infra.Identity.csproj", "{D66AB39B-411B-482B-B50F-E4BEFB92F38F}"
EndProject
Project("{9A19103F-16F7-4668-BE54-9A1E7A4F7556}") = "IdentitySample.Infra.Data", "IdentitySample.Infra.Data\IdentitySample.Infra.Data.csproj", "{B9D3A2A9-85AA-43F9-89E8-4B4170F9F699}"
EndProject
Project("{9A19103F-16F7-4668-BE54-9A1E7A4F7556}") = "IdentitySample.Infra.IoC", "IdentitySample.Infra.IoC\IdentitySample.Infra.IoC.csproj", "{F5FF36E3-724E-4A20-BB61-A78B819C56B2}"
EndProject
Project("{9A19103F-16F7-4668-BE54-9A1E7A4F7556}") = "IdentitySample.Domain", "IdentitySample.Domain\IdentitySample.Domain.csproj", "{A745CF7A-51FD-4E5C-AD62-740C1F5D7257}"
EndProject
Project("{9A19103F-16F7-4668-BE54-9A1E7A4F7556}") = "IdentitySample.Application", "IdentitySample.Application\IdentitySample.Application.csproj", "{67464A37-B8FE-492E-89D0-40B9FC76A6F9}"
EndProject
Project("{2150E333-8FDC-42A3-9474-1A3956D46DE8}") = "Solution Items", "Solution Items", "{D74140CF-1581-4A00-9D4D-C4D47D7E6FCE}"
	ProjectSection(SolutionItems) = preProject
		readme.md = readme.md
	EndProjectSection
EndProject
Global
	GlobalSection(SolutionConfigurationPlatforms) = preSolution
		Debug|Any CPU = Debug|Any CPU
		Release|Any CPU = Release|Any CPU
	EndGlobalSection
	GlobalSection(ProjectConfigurationPlatforms) = postSolution
		{B5007D80-7BB2-49B2-BBF6-EF479755BFFD}.Debug|Any CPU.ActiveCfg = Debug|Any CPU
		{B5007D80-7BB2-49B2-BBF6-EF479755BFFD}.Debug|Any CPU.Build.0 = Debug|Any CPU
		{B5007D80-7BB2-49B2-BBF6-EF479755BFFD}.Release|Any CPU.ActiveCfg = Release|Any CPU
		{B5007D80-7BB2-49B2-BBF6-EF479755BFFD}.Release|Any CPU.Build.0 = Release|Any CPU
		{A7DC1CC5-6EA2-4706-A050-77DB1CCE5DE7}.Debug|Any CPU.ActiveCfg = Debug|Any CPU
		{A7DC1CC5-6EA2-4706-A050-77DB1CCE5DE7}.Debug|Any CPU.Build.0 = Debug|Any CPU
		{A7DC1CC5-6EA2-4706-A050-77DB1CCE5DE7}.Release|Any CPU.ActiveCfg = Release|Any CPU
		{A7DC1CC5-6EA2-4706-A050-77DB1CCE5DE7}.Release|Any CPU.Build.0 = Release|Any CPU
		{BA06C2FB-A795-497D-ADEC-F2BD0E1FE27B}.Debug|Any CPU.ActiveCfg = Debug|Any CPU
		{BA06C2FB-A795-497D-ADEC-F2BD0E1FE27B}.Debug|Any CPU.Build.0 = Debug|Any CPU
		{BA06C2FB-A795-497D-ADEC-F2BD0E1FE27B}.Release|Any CPU.ActiveCfg = Release|Any CPU
		{BA06C2FB-A795-497D-ADEC-F2BD0E1FE27B}.Release|Any CPU.Build.0 = Release|Any CPU
		{D66AB39B-411B-482B-B50F-E4BEFB92F38F}.Debug|Any CPU.ActiveCfg = Debug|Any CPU
		{D66AB39B-411B-482B-B50F-E4BEFB92F38F}.Debug|Any CPU.Build.0 = Debug|Any CPU
		{D66AB39B-411B-482B-B50F-E4BEFB92F38F}.Release|Any CPU.ActiveCfg = Release|Any CPU
		{D66AB39B-411B-482B-B50F-E4BEFB92F38F}.Release|Any CPU.Build.0 = Release|Any CPU
		{B9D3A2A9-85AA-43F9-89E8-4B4170F9F699}.Debug|Any CPU.ActiveCfg = Debug|Any CPU
		{B9D3A2A9-85AA-43F9-89E8-4B4170F9F699}.Debug|Any CPU.Build.0 = Debug|Any CPU
		{B9D3A2A9-85AA-43F9-89E8-4B4170F9F699}.Release|Any CPU.ActiveCfg = Release|Any CPU
		{B9D3A2A9-85AA-43F9-89E8-4B4170F9F699}.Release|Any CPU.Build.0 = Release|Any CPU
		{F5FF36E3-724E-4A20-BB61-A78B819C56B2}.Debug|Any CPU.ActiveCfg = Debug|Any CPU
		{F5FF36E3-724E-4A20-BB61-A78B819C56B2}.Debug|Any CPU.Build.0 = Debug|Any CPU
		{F5FF36E3-724E-4A20-BB61-A78B819C56B2}.Release|Any CPU.ActiveCfg = Release|Any CPU
		{F5FF36E3-724E-4A20-BB61-A78B819C56B2}.Release|Any CPU.Build.0 = Release|Any CPU
		{A745CF7A-51FD-4E5C-AD62-740C1F5D7257}.Debug|Any CPU.ActiveCfg = Debug|Any CPU
		{A745CF7A-51FD-4E5C-AD62-740C1F5D7257}.Debug|Any CPU.Build.0 = Debug|Any CPU
		{A745CF7A-51FD-4E5C-AD62-740C1F5D7257}.Release|Any CPU.ActiveCfg = Release|Any CPU
		{A745CF7A-51FD-4E5C-AD62-740C1F5D7257}.Release|Any CPU.Build.0 = Release|Any CPU
		{67464A37-B8FE-492E-89D0-40B9FC76A6F9}.Debug|Any CPU.ActiveCfg = Debug|Any CPU
		{67464A37-B8FE-492E-89D0-40B9FC76A6F9}.Debug|Any CPU.Build.0 = Debug|Any CPU
		{67464A37-B8FE-492E-89D0-40B9FC76A6F9}.Release|Any CPU.ActiveCfg = Release|Any CPU
		{67464A37-B8FE-492E-89D0-40B9FC76A6F9}.Release|Any CPU.Build.0 = Release|Any CPU
	EndGlobalSection
	GlobalSection(SolutionProperties) = preSolution
		HideSolutionNode = FALSE
	EndGlobalSection
	GlobalSection(NestedProjects) = preSolution
		{B5007D80-7BB2-49B2-BBF6-EF479755BFFD} = {8E329C4D-29A7-432C-8B25-E806293871C1}
		{A7DC1CC5-6EA2-4706-A050-77DB1CCE5DE7} = {8E329C4D-29A7-432C-8B25-E806293871C1}
		{BA06C2FB-A795-497D-ADEC-F2BD0E1FE27B} = {8E329C4D-29A7-432C-8B25-E806293871C1}
		{D66AB39B-411B-482B-B50F-E4BEFB92F38F} = {522A92EA-6098-4469-A198-ABD6947293D2}
		{B9D3A2A9-85AA-43F9-89E8-4B4170F9F699} = {522A92EA-6098-4469-A198-ABD6947293D2}
		{F5FF36E3-724E-4A20-BB61-A78B819C56B2} = {522A92EA-6098-4469-A198-ABD6947293D2}
		{A745CF7A-51FD-4E5C-AD62-740C1F5D7257} = {DA0E9664-D633-409C-844F-F01D504E15B0}
		{67464A37-B8FE-492E-89D0-40B9FC76A6F9} = {16368F1E-444D-4100-8885-A07211C3AACC}
	EndGlobalSection
	GlobalSection(ExtensibilityGlobals) = postSolution
		SolutionGuid = {3E6882DD-B10A-4CE9-9824-51DF182077EB}
	EndGlobalSection
EndGlobal
